
Microsoft Visual Studio Solution File, Format Version 12.00
# Visual Studio 15
VisualStudioVersion = 15.0.28307.757
MinimumVisualStudioVersion = 10.0.40219.1
Project("{FAE04EC0-301F-11D3-BF4B-00C04F79EFBC}") = "RESTado", "RESTado\RESTado.csproj", "{DCA31A01-F231-4857-8011-453DAECB7C03}"
EndProject
Global
	GlobalSection(SolutionConfigurationPlatforms) = preSolution
		Debug|Any CPU = Debug|Any CPU
		Release|Any CPU = Release|Any CPU
	EndGlobalSection
	GlobalSection(ProjectConfigurationPlatforms) = postSolution
		{DCA31A01-F231-4857-8011-453DAECB7C03}.Debug|Any CPU.ActiveCfg = Debug|Any CPU
		{DCA31A01-F231-4857-8011-453DAECB7C03}.Debug|Any CPU.Build.0 = Debug|Any CPU
		{DCA31A01-F231-4857-8011-453DAECB7C03}.Release|Any CPU.ActiveCfg = Release|Any CPU
		{DCA31A01-F231-4857-8011-453DAECB7C03}.Release|Any CPU.Build.0 = Release|Any CPU
	EndGlobalSection
	GlobalSection(SolutionProperties) = preSolution
		HideSolutionNode = FALSE
	EndGlobalSection
	GlobalSection(ExtensibilityGlobals) = postSolution
		SolutionGuid = {6E864C60-528D-427B-9E83-2BF44DAD9E7A}
	EndGlobalSection
EndGlobal
